// !$*UTF8*$!
{
	archiveVersion = 1;
	classes = {
	};
	objectVersion = 51;
	objects = {

/* Begin PBXBuildFile section */
		6E83C337478C6EEDFF890245 /* Pods_InstaMatch.framework in Frameworks */ = {isa = PBXBuildFile; fileRef = 59AF59AAED45CBE3B86CA957 /* Pods_InstaMatch.framework */; };
		909537CB25615BA4007AF01C /* AppDelegate.swift in Sources */ = {isa = PBXBuildFile; fileRef = 909537CA25615BA4007AF01C /* AppDelegate.swift */; };
		909537CD25615BA4007AF01C /* SceneDelegate.swift in Sources */ = {isa = PBXBuildFile; fileRef = 909537CC25615BA4007AF01C /* SceneDelegate.swift */; };
		909537CF25615BA4007AF01C /* ContentView.swift in Sources */ = {isa = PBXBuildFile; fileRef = 909537CE25615BA4007AF01C /* ContentView.swift */; };
		909537D125615BA6007AF01C /* Assets.xcassets in Resources */ = {isa = PBXBuildFile; fileRef = 909537D025615BA6007AF01C /* Assets.xcassets */; };
		909537D425615BA6007AF01C /* Preview Assets.xcassets in Resources */ = {isa = PBXBuildFile; fileRef = 909537D325615BA6007AF01C /* Preview Assets.xcassets */; };
		909537D725615BA6007AF01C /* LaunchScreen.storyboard in Resources */ = {isa = PBXBuildFile; fileRef = 909537D525615BA6007AF01C /* LaunchScreen.storyboard */; };
		909537EC25615C19007AF01C /* WelcomeView.swift in Sources */ = {isa = PBXBuildFile; fileRef = 909537E425615C19007AF01C /* WelcomeView.swift */; };
		909537ED25615C19007AF01C /* MorphRectangle.swift in Sources */ = {isa = PBXBuildFile; fileRef = 909537E725615C19007AF01C /* MorphRectangle.swift */; };
		909537EE25615C19007AF01C /* MorphingTabBar.swift in Sources */ = {isa = PBXBuildFile; fileRef = 909537E825615C19007AF01C /* MorphingTabBar.swift */; };
		909537EF25615C19007AF01C /* Extensions.swift in Sources */ = {isa = PBXBuildFile; fileRef = 909537E925615C19007AF01C /* Extensions.swift */; };
		909537F025615C19007AF01C /* LottieView.swift in Sources */ = {isa = PBXBuildFile; fileRef = 909537EA25615C19007AF01C /* LottieView.swift */; };
		909537F125615C19007AF01C /* people.json in Resources */ = {isa = PBXBuildFile; fileRef = 909537EB25615C19007AF01C /* people.json */; };
		909537F825615CF5007AF01C /* SwapsTab.swift in Sources */ = {isa = PBXBuildFile; fileRef = 909537F725615CF5007AF01C /* SwapsTab.swift */; };
		909537FC25615D1F007AF01C /* SettingsTab.swift in Sources */ = {isa = PBXBuildFile; fileRef = 909537FB25615D1F007AF01C /* SettingsTab.swift */; };
		909537FF25615D31007AF01C /* RequestsTab.swift in Sources */ = {isa = PBXBuildFile; fileRef = 909537FE25615D31007AF01C /* RequestsTab.swift */; };
		9095380225616434007AF01C /* SwapCard.swift in Sources */ = {isa = PBXBuildFile; fileRef = 9095380125616434007AF01C /* SwapCard.swift */; };
		909538062561671C007AF01C /* Cards.swift in Sources */ = {isa = PBXBuildFile; fileRef = 909538052561671B007AF01C /* Cards.swift */; };
		9095380B256168E4007AF01C /* ViewModel.swift in Sources */ = {isa = PBXBuildFile; fileRef = 9095380A256168E4007AF01C /* ViewModel.swift */; };
		90C9D0532561C3BB0095823F /* SafariView.swift in Sources */ = {isa = PBXBuildFile; fileRef = 90C9D0522561C3BB0095823F /* SafariView.swift */; };
		90D10806256A7A77006F596A /* PhotosView.swift in Sources */ = {isa = PBXBuildFile; fileRef = 90D10805256A7A77006F596A /* PhotosView.swift */; };
		90D10809256AB366006F596A /* ImagePicker.swift in Sources */ = {isa = PBXBuildFile; fileRef = 90D10808256AB366006F596A /* ImagePicker.swift */; };
		90F0659525699DDB00055F66 /* LoginView.swift in Sources */ = {isa = PBXBuildFile; fileRef = 90F0659425699DDB00055F66 /* LoginView.swift */; };
		90F065AE2569A24400055F66 /* AuthVM.swift in Sources */ = {isa = PBXBuildFile; fileRef = 90F065AD2569A24400055F66 /* AuthVM.swift */; };
		90F065B52569A45B00055F66 /* login.json in Resources */ = {isa = PBXBuildFile; fileRef = 90F065B42569A45B00055F66 /* login.json */; };
		90F065B82569BD0E00055F66 /* KeyboardHelper.swift in Sources */ = {isa = PBXBuildFile; fileRef = 90F065B72569BD0E00055F66 /* KeyboardHelper.swift */; };
		90F065BB2569BF5400055F66 /* RegisterView.swift in Sources */ = {isa = PBXBuildFile; fileRef = 90F065BA2569BF5400055F66 /* RegisterView.swift */; };
/* End PBXBuildFile section */

/* Begin PBXFileReference section */
		59AF59AAED45CBE3B86CA957 /* Pods_InstaMatch.framework */ = {isa = PBXFileReference; explicitFileType = wrapper.framework; includeInIndex = 0; path = Pods_InstaMatch.framework; sourceTree = BUILT_PRODUCTS_DIR; };
		5BED94D87A664CD160C86DE1 /* Pods-InstaMatch.debug.xcconfig */ = {isa = PBXFileReference; includeInIndex = 1; lastKnownFileType = text.xcconfig; name = "Pods-InstaMatch.debug.xcconfig"; path = "Target Support Files/Pods-InstaMatch/Pods-InstaMatch.debug.xcconfig"; sourceTree = "<group>"; };
		79C89481CEDA670F35A633FE /* Pods-InstaSwap.debug.xcconfig */ = {isa = PBXFileReference; includeInIndex = 1; lastKnownFileType = text.xcconfig; name = "Pods-InstaSwap.debug.xcconfig"; path = "Target Support Files/Pods-InstaSwap/Pods-InstaSwap.debug.xcconfig"; sourceTree = "<group>"; };
		909537C725615BA4007AF01C /* InstaMatch.app */ = {isa = PBXFileReference; explicitFileType = wrapper.application; includeInIndex = 0; path = InstaMatch.app; sourceTree = BUILT_PRODUCTS_DIR; };
		909537CA25615BA4007AF01C /* AppDelegate.swift */ = {isa = PBXFileReference; lastKnownFileType = sourcecode.swift; path = AppDelegate.swift; sourceTree = "<group>"; };
		909537CC25615BA4007AF01C /* SceneDelegate.swift */ = {isa = PBXFileReference; lastKnownFileType = sourcecode.swift; path = SceneDelegate.swift; sourceTree = "<group>"; };
		909537CE25615BA4007AF01C /* ContentView.swift */ = {isa = PBXFileReference; lastKnownFileType = sourcecode.swift; path = ContentView.swift; sourceTree = "<group>"; };
		909537D025615BA6007AF01C /* Assets.xcassets */ = {isa = PBXFileReference; lastKnownFileType = folder.assetcatalog; path = Assets.xcassets; sourceTree = "<group>"; };
		909537D325615BA6007AF01C /* Preview Assets.xcassets */ = {isa = PBXFileReference; lastKnownFileType = folder.assetcatalog; path = "Preview Assets.xcassets"; sourceTree = "<group>"; };
		909537D625615BA6007AF01C /* Base */ = {isa = PBXFileReference; lastKnownFileType = file.storyboard; name = Base; path = Base.lproj/LaunchScreen.storyboard; sourceTree = "<group>"; };
		909537D825615BA6007AF01C /* Info.plist */ = {isa = PBXFileReference; lastKnownFileType = text.plist.xml; path = Info.plist; sourceTree = "<group>"; };
		909537DF25615BBF007AF01C /* InstaMatch.entitlements */ = {isa = PBXFileReference; lastKnownFileType = text.plist.entitlements; path = InstaMatch.entitlements; sourceTree = "<group>"; };
		909537E425615C19007AF01C /* WelcomeView.swift */ = {isa = PBXFileReference; fileEncoding = 4; lastKnownFileType = sourcecode.swift; path = WelcomeView.swift; sourceTree = "<group>"; };
		909537E725615C19007AF01C /* MorphRectangle.swift */ = {isa = PBXFileReference; fileEncoding = 4; lastKnownFileType = sourcecode.swift; path = MorphRectangle.swift; sourceTree = "<group>"; };
		909537E825615C19007AF01C /* MorphingTabBar.swift */ = {isa = PBXFileReference; fileEncoding = 4; lastKnownFileType = sourcecode.swift; path = MorphingTabBar.swift; sourceTree = "<group>"; };
		909537E925615C19007AF01C /* Extensions.swift */ = {isa = PBXFileReference; fileEncoding = 4; lastKnownFileType = sourcecode.swift; path = Extensions.swift; sourceTree = "<group>"; };
		909537EA25615C19007AF01C /* LottieView.swift */ = {isa = PBXFileReference; fileEncoding = 4; lastKnownFileType = sourcecode.swift; path = LottieView.swift; sourceTree = "<group>"; };
		909537EB25615C19007AF01C /* people.json */ = {isa = PBXFileReference; fileEncoding = 4; lastKnownFileType = text.json; path = people.json; sourceTree = "<group>"; };
		909537F725615CF5007AF01C /* SwapsTab.swift */ = {isa = PBXFileReference; lastKnownFileType = sourcecode.swift; path = SwapsTab.swift; sourceTree = "<group>"; };
		909537FB25615D1F007AF01C /* SettingsTab.swift */ = {isa = PBXFileReference; lastKnownFileType = sourcecode.swift; path = SettingsTab.swift; sourceTree = "<group>"; };
		909537FE25615D31007AF01C /* RequestsTab.swift */ = {isa = PBXFileReference; lastKnownFileType = sourcecode.swift; path = RequestsTab.swift; sourceTree = "<group>"; };
		9095380125616434007AF01C /* SwapCard.swift */ = {isa = PBXFileReference; lastKnownFileType = sourcecode.swift; path = SwapCard.swift; sourceTree = "<group>"; };
		909538052561671B007AF01C /* Cards.swift */ = {isa = PBXFileReference; lastKnownFileType = sourcecode.swift; path = Cards.swift; sourceTree = "<group>"; };
		9095380A256168E4007AF01C /* ViewModel.swift */ = {isa = PBXFileReference; lastKnownFileType = sourcecode.swift; path = ViewModel.swift; sourceTree = "<group>"; };
		90C9D0522561C3BB0095823F /* SafariView.swift */ = {isa = PBXFileReference; lastKnownFileType = sourcecode.swift; path = SafariView.swift; sourceTree = "<group>"; };
		90D10805256A7A77006F596A /* PhotosView.swift */ = {isa = PBXFileReference; lastKnownFileType = sourcecode.swift; path = PhotosView.swift; sourceTree = "<group>"; };
		90D10808256AB366006F596A /* ImagePicker.swift */ = {isa = PBXFileReference; lastKnownFileType = sourcecode.swift; path = ImagePicker.swift; sourceTree = "<group>"; };
		90F0659425699DDB00055F66 /* LoginView.swift */ = {isa = PBXFileReference; lastKnownFileType = sourcecode.swift; path = LoginView.swift; sourceTree = "<group>"; };
		90F065AD2569A24400055F66 /* AuthVM.swift */ = {isa = PBXFileReference; lastKnownFileType = sourcecode.swift; path = AuthVM.swift; sourceTree = "<group>"; };
		90F065B42569A45B00055F66 /* login.json */ = {isa = PBXFileReference; fileEncoding = 4; lastKnownFileType = text.json; path = login.json; sourceTree = "<group>"; };
		90F065B72569BD0E00055F66 /* KeyboardHelper.swift */ = {isa = PBXFileReference; lastKnownFileType = sourcecode.swift; path = KeyboardHelper.swift; sourceTree = "<group>"; };
		90F065BA2569BF5400055F66 /* RegisterView.swift */ = {isa = PBXFileReference; lastKnownFileType = sourcecode.swift; path = RegisterView.swift; sourceTree = "<group>"; };
		BF54D1AD706DA07822A5BA09 /* Pods-InstaMatch.release.xcconfig */ = {isa = PBXFileReference; includeInIndex = 1; lastKnownFileType = text.xcconfig; name = "Pods-InstaMatch.release.xcconfig"; path = "Target Support Files/Pods-InstaMatch/Pods-InstaMatch.release.xcconfig"; sourceTree = "<group>"; };
		D74B98F4F06734BAC037E76C /* Pods-InstaSwap.release.xcconfig */ = {isa = PBXFileReference; includeInIndex = 1; lastKnownFileType = text.xcconfig; name = "Pods-InstaSwap.release.xcconfig"; path = "Target Support Files/Pods-InstaSwap/Pods-InstaSwap.release.xcconfig"; sourceTree = "<group>"; };
/* End PBXFileReference section */

/* Begin PBXFrameworksBuildPhase section */
		909537C425615BA4007AF01C /* Frameworks */ = {
			isa = PBXFrameworksBuildPhase;
			buildActionMask = 2147483647;
			files = (
				6E83C337478C6EEDFF890245 /* Pods_InstaMatch.framework in Frameworks */,
			);
			runOnlyForDeploymentPostprocessing = 0;
		};
/* End PBXFrameworksBuildPhase section */

/* Begin PBXGroup section */
		1BDD6BAB7EF0FAC0BAAB74D6 /* Frameworks */ = {
			isa = PBXGroup;
			children = (
				59AF59AAED45CBE3B86CA957 /* Pods_InstaMatch.framework */,
			);
			name = Frameworks;
			sourceTree = "<group>";
		};
		85D632097A68353A59C096A1 /* Pods */ = {
			isa = PBXGroup;
			children = (
				79C89481CEDA670F35A633FE /* Pods-InstaSwap.debug.xcconfig */,
				D74B98F4F06734BAC037E76C /* Pods-InstaSwap.release.xcconfig */,
				5BED94D87A664CD160C86DE1 /* Pods-InstaMatch.debug.xcconfig */,
				BF54D1AD706DA07822A5BA09 /* Pods-InstaMatch.release.xcconfig */,
			);
			path = Pods;
			sourceTree = "<group>";
		};
		909537BE25615BA4007AF01C = {
			isa = PBXGroup;
			children = (
				909537C925615BA4007AF01C /* InstaMatch */,
				909537C825615BA4007AF01C /* Products */,
				85D632097A68353A59C096A1 /* Pods */,
				1BDD6BAB7EF0FAC0BAAB74D6 /* Frameworks */,
			);
			sourceTree = "<group>";
		};
		909537C825615BA4007AF01C /* Products */ = {
			isa = PBXGroup;
			children = (
				909537C725615BA4007AF01C /* InstaMatch.app */,
			);
			name = Products;
			sourceTree = "<group>";
		};
		909537C925615BA4007AF01C /* InstaMatch */ = {
			isa = PBXGroup;
			children = (
				90953809256168D7007AF01C /* ViewModels */,
				909538042561670A007AF01C /* Models */,
				909537E525615C19007AF01C /* Components */,
				909537E325615C19007AF01C /* Views */,
				909537DF25615BBF007AF01C /* InstaMatch.entitlements */,
				909537CA25615BA4007AF01C /* AppDelegate.swift */,
				909537CC25615BA4007AF01C /* SceneDelegate.swift */,
				909537CE25615BA4007AF01C /* ContentView.swift */,
				909537D025615BA6007AF01C /* Assets.xcassets */,
				909537D525615BA6007AF01C /* LaunchScreen.storyboard */,
				909537D825615BA6007AF01C /* Info.plist */,
				909537D225615BA6007AF01C /* Preview Content */,
			);
			path = InstaMatch;
			sourceTree = "<group>";
		};
		909537D225615BA6007AF01C /* Preview Content */ = {
			isa = PBXGroup;
			children = (
				909537D325615BA6007AF01C /* Preview Assets.xcassets */,
			);
			path = "Preview Content";
			sourceTree = "<group>";
		};
		909537E325615C19007AF01C /* Views */ = {
			isa = PBXGroup;
			children = (
				90F0659725699DE400055F66 /* Auth */,
				909537F625615CDF007AF01C /* Tabs */,
			);
			path = Views;
			sourceTree = "<group>";
		};
		909537E525615C19007AF01C /* Components */ = {
			isa = PBXGroup;
			children = (
				909537E625615C19007AF01C /* Tabbar */,
				909537E925615C19007AF01C /* Extensions.swift */,
				909537EA25615C19007AF01C /* LottieView.swift */,
				90F065B42569A45B00055F66 /* login.json */,
				909537EB25615C19007AF01C /* people.json */,
				9095380125616434007AF01C /* SwapCard.swift */,
				90C9D0522561C3BB0095823F /* SafariView.swift */,
				90F065B72569BD0E00055F66 /* KeyboardHelper.swift */,
				90D10808256AB366006F596A /* ImagePicker.swift */,
			);
			path = Components;
			sourceTree = "<group>";
		};
		909537E625615C19007AF01C /* Tabbar */ = {
			isa = PBXGroup;
			children = (
				909537E725615C19007AF01C /* MorphRectangle.swift */,
				909537E825615C19007AF01C /* MorphingTabBar.swift */,
			);
			path = Tabbar;
			sourceTree = "<group>";
		};
		909537F625615CDF007AF01C /* Tabs */ = {
			isa = PBXGroup;
			children = (
				909537F725615CF5007AF01C /* SwapsTab.swift */,
				909537FB25615D1F007AF01C /* SettingsTab.swift */,
				909537FE25615D31007AF01C /* RequestsTab.swift */,
			);
			path = Tabs;
			sourceTree = "<group>";
		};
		909538042561670A007AF01C /* Models */ = {
			isa = PBXGroup;
			children = (
				909538052561671B007AF01C /* Cards.swift */,
			);
			path = Models;
			sourceTree = "<group>";
		};
		90953809256168D7007AF01C /* ViewModels */ = {
			isa = PBXGroup;
			children = (
				9095380A256168E4007AF01C /* ViewModel.swift */,
				90F065AD2569A24400055F66 /* AuthVM.swift */,
			);
			path = ViewModels;
			sourceTree = "<group>";
		};
		90F0659725699DE400055F66 /* Auth */ = {
			isa = PBXGroup;
			children = (
				909537E425615C19007AF01C /* WelcomeView.swift */,
				90F0659425699DDB00055F66 /* LoginView.swift */,
				90F065BA2569BF5400055F66 /* RegisterView.swift */,
				90D10805256A7A77006F596A /* PhotosView.swift */,
			);
			path = Auth;
			sourceTree = "<group>";
		};
/* End PBXGroup section */

/* Begin PBXNativeTarget section */
		909537C625615BA4007AF01C /* InstaMatch */ = {
			isa = PBXNativeTarget;
			buildConfigurationList = 909537DB25615BA6007AF01C /* Build configuration list for PBXNativeTarget "InstaMatch" */;
			buildPhases = (
				145480E52DFB7327FCACED9D /* [CP] Check Pods Manifest.lock */,
				909537C325615BA4007AF01C /* Sources */,
				909537C425615BA4007AF01C /* Frameworks */,
				909537C525615BA4007AF01C /* Resources */,
				93D80F83EA1601AE3980790A /* [CP] Embed Pods Frameworks */,
			);
			buildRules = (
			);
			dependencies = (
			);
			name = InstaMatch;
			productName = InstaSwap;
			productReference = 909537C725615BA4007AF01C /* InstaMatch.app */;
			productType = "com.apple.product-type.application";
		};
/* End PBXNativeTarget section */

/* Begin PBXProject section */
		909537BF25615BA4007AF01C /* Project object */ = {
			isa = PBXProject;
			attributes = {
				LastSwiftUpdateCheck = 1220;
				LastUpgradeCheck = 1220;
				TargetAttributes = {
					909537C625615BA4007AF01C = {
						CreatedOnToolsVersion = 12.2;
					};
				};
			};
			buildConfigurationList = 909537C225615BA4007AF01C /* Build configuration list for PBXProject "InstaMatch" */;
			compatibilityVersion = "Xcode 9.3";
			developmentRegion = en;
			hasScannedForEncodings = 0;
			knownRegions = (
				en,
				Base,
			);
			mainGroup = 909537BE25615BA4007AF01C;
			productRefGroup = 909537C825615BA4007AF01C /* Products */;
			projectDirPath = "";
			projectRoot = "";
			targets = (
				909537C625615BA4007AF01C /* InstaMatch */,
			);
		};
/* End PBXProject section */

/* Begin PBXResourcesBuildPhase section */
		909537C525615BA4007AF01C /* Resources */ = {
			isa = PBXResourcesBuildPhase;
			buildActionMask = 2147483647;
			files = (
				909537F125615C19007AF01C /* people.json in Resources */,
				909537D725615BA6007AF01C /* LaunchScreen.storyboard in Resources */,
				90F065B52569A45B00055F66 /* login.json in Resources */,
				909537D425615BA6007AF01C /* Preview Assets.xcassets in Resources */,
				909537D125615BA6007AF01C /* Assets.xcassets in Resources */,
			);
			runOnlyForDeploymentPostprocessing = 0;
		};
/* End PBXResourcesBuildPhase section */

/* Begin PBXShellScriptBuildPhase section */
		145480E52DFB7327FCACED9D /* [CP] Check Pods Manifest.lock */ = {
			isa = PBXShellScriptBuildPhase;
			buildActionMask = 2147483647;
			files = (
			);
			inputFileListPaths = (
			);
			inputPaths = (
				"${PODS_PODFILE_DIR_PATH}/Podfile.lock",
				"${PODS_ROOT}/Manifest.lock",
			);
			name = "[CP] Check Pods Manifest.lock";
			outputFileListPaths = (
			);
			outputPaths = (
				"$(DERIVED_FILE_DIR)/Pods-InstaMatch-checkManifestLockResult.txt",
			);
			runOnlyForDeploymentPostprocessing = 0;
			shellPath = /bin/sh;
			shellScript = "diff \"${PODS_PODFILE_DIR_PATH}/Podfile.lock\" \"${PODS_ROOT}/Manifest.lock\" > /dev/null\nif [ $? != 0 ] ; then\n    # print error to STDERR\n    echo \"error: The sandbox is not in sync with the Podfile.lock. Run 'pod install' or update your CocoaPods installation.\" >&2\n    exit 1\nfi\n# This output is used by Xcode 'outputs' to avoid re-running this script phase.\necho \"SUCCESS\" > \"${SCRIPT_OUTPUT_FILE_0}\"\n";
			showEnvVarsInLog = 0;
		};
		93D80F83EA1601AE3980790A /* [CP] Embed Pods Frameworks */ = {
			isa = PBXShellScriptBuildPhase;
			buildActionMask = 2147483647;
			files = (
			);
			inputFileListPaths = (
				"${PODS_ROOT}/Target Support Files/Pods-InstaMatch/Pods-InstaMatch-frameworks-${CONFIGURATION}-input-files.xcfilelist",
			);
			name = "[CP] Embed Pods Frameworks";
			outputFileListPaths = (
				"${PODS_ROOT}/Target Support Files/Pods-InstaMatch/Pods-InstaMatch-frameworks-${CONFIGURATION}-output-files.xcfilelist",
			);
			runOnlyForDeploymentPostprocessing = 0;
			shellPath = /bin/sh;
			shellScript = "\"${PODS_ROOT}/Target Support Files/Pods-InstaMatch/Pods-InstaMatch-frameworks.sh\"\n";
			showEnvVarsInLog = 0;
		};
/* End PBXShellScriptBuildPhase section */

/* Begin PBXSourcesBuildPhase section */
		909537C325615BA4007AF01C /* Sources */ = {
			isa = PBXSourcesBuildPhase;
			buildActionMask = 2147483647;
			files = (
				909537ED25615C19007AF01C /* MorphRectangle.swift in Sources */,
				909538062561671C007AF01C /* Cards.swift in Sources */,
				909537FF25615D31007AF01C /* RequestsTab.swift in Sources */,
				90D10809256AB366006F596A /* ImagePicker.swift in Sources */,
				9095380225616434007AF01C /* SwapCard.swift in Sources */,
				90C9D0532561C3BB0095823F /* SafariView.swift in Sources */,
				909537CB25615BA4007AF01C /* AppDelegate.swift in Sources */,
				90F065B82569BD0E00055F66 /* KeyboardHelper.swift in Sources */,
				90D10806256A7A77006F596A /* PhotosView.swift in Sources */,
				90F065AE2569A24400055F66 /* AuthVM.swift in Sources */,
				90F065BB2569BF5400055F66 /* RegisterView.swift in Sources */,
				909537FC25615D1F007AF01C /* SettingsTab.swift in Sources */,
				9095380B256168E4007AF01C /* ViewModel.swift in Sources */,
				909537CD25615BA4007AF01C /* SceneDelegate.swift in Sources */,
				909537EC25615C19007AF01C /* WelcomeView.swift in Sources */,
				909537CF25615BA4007AF01C /* ContentView.swift in Sources */,
				909537EE25615C19007AF01C /* MorphingTabBar.swift in Sources */,
				909537EF25615C19007AF01C /* Extensions.swift in Sources */,
				909537F825615CF5007AF01C /* SwapsTab.swift in Sources */,
				90F0659525699DDB00055F66 /* LoginView.swift in Sources */,
				909537F025615C19007AF01C /* LottieView.swift in Sources */,
			);
			runOnlyForDeploymentPostprocessing = 0;
		};
/* End PBXSourcesBuildPhase section */

/* Begin PBXVariantGroup section */
		909537D525615BA6007AF01C /* LaunchScreen.storyboard */ = {
			isa = PBXVariantGroup;
			children = (
				909537D625615BA6007AF01C /* Base */,
			);
			name = LaunchScreen.storyboard;
			sourceTree = "<group>";
		};
/* End PBXVariantGroup section */

/* Begin XCBuildConfiguration section */
		909537D925615BA6007AF01C /* Debug */ = {
			isa = XCBuildConfiguration;
			buildSettings = {
				ALWAYS_SEARCH_USER_PATHS = NO;
				CLANG_ANALYZER_NONNULL = YES;
				CLANG_ANALYZER_NUMBER_OBJECT_CONVERSION = YES_AGGRESSIVE;
				CLANG_CXX_LANGUAGE_STANDARD = "gnu++14";
				CLANG_CXX_LIBRARY = "libc++";
				CLANG_ENABLE_MODULES = YES;
				CLANG_ENABLE_OBJC_ARC = YES;
				CLANG_ENABLE_OBJC_WEAK = YES;
				CLANG_WARN_BLOCK_CAPTURE_AUTORELEASING = YES;
				CLANG_WARN_BOOL_CONVERSION = YES;
				CLANG_WARN_COMMA = YES;
				CLANG_WARN_CONSTANT_CONVERSION = YES;
				CLANG_WARN_DEPRECATED_OBJC_IMPLEMENTATIONS = YES;
				CLANG_WARN_DIRECT_OBJC_ISA_USAGE = YES_ERROR;
				CLANG_WARN_DOCUMENTATION_COMMENTS = YES;
				CLANG_WARN_EMPTY_BODY = YES;
				CLANG_WARN_ENUM_CONVERSION = YES;
				CLANG_WARN_INFINITE_RECURSION = YES;
				CLANG_WARN_INT_CONVERSION = YES;
				CLANG_WARN_NON_LITERAL_NULL_CONVERSION = YES;
				CLANG_WARN_OBJC_IMPLICIT_RETAIN_SELF = YES;
				CLANG_WARN_OBJC_LITERAL_CONVERSION = YES;
				CLANG_WARN_OBJC_ROOT_CLASS = YES_ERROR;
				CLANG_WARN_QUOTED_INCLUDE_IN_FRAMEWORK_HEADER = YES;
				CLANG_WARN_RANGE_LOOP_ANALYSIS = YES;
				CLANG_WARN_STRICT_PROTOTYPES = YES;
				CLANG_WARN_SUSPICIOUS_MOVE = YES;
				CLANG_WARN_UNGUARDED_AVAILABILITY = YES_AGGRESSIVE;
				CLANG_WARN_UNREACHABLE_CODE = YES;
				CLANG_WARN__DUPLICATE_METHOD_MATCH = YES;
				COPY_PHASE_STRIP = NO;
				DEBUG_INFORMATION_FORMAT = dwarf;
				ENABLE_STRICT_OBJC_MSGSEND = YES;
				ENABLE_TESTABILITY = YES;
				GCC_C_LANGUAGE_STANDARD = gnu11;
				GCC_DYNAMIC_NO_PIC = NO;
				GCC_NO_COMMON_BLOCKS = YES;
				GCC_OPTIMIZATION_LEVEL = 0;
				GCC_PREPROCESSOR_DEFINITIONS = (
					"DEBUG=1",
					"$(inherited)",
				);
				GCC_WARN_64_TO_32_BIT_CONVERSION = YES;
				GCC_WARN_ABOUT_RETURN_TYPE = YES_ERROR;
				GCC_WARN_UNDECLARED_SELECTOR = YES;
				GCC_WARN_UNINITIALIZED_AUTOS = YES_AGGRESSIVE;
				GCC_WARN_UNUSED_FUNCTION = YES;
				GCC_WARN_UNUSED_VARIABLE = YES;
				IPHONEOS_DEPLOYMENT_TARGET = 13.0;
				MTL_ENABLE_DEBUG_INFO = INCLUDE_SOURCE;
				MTL_FAST_MATH = YES;
				ONLY_ACTIVE_ARCH = YES;
				SDKROOT = iphoneos;
				SWIFT_ACTIVE_COMPILATION_CONDITIONS = DEBUG;
				SWIFT_OPTIMIZATION_LEVEL = "-Onone";
			};
			name = Debug;
		};
		909537DA25615BA6007AF01C /* Release */ = {
			isa = XCBuildConfiguration;
			buildSettings = {
				ALWAYS_SEARCH_USER_PATHS = NO;
				CLANG_ANALYZER_NONNULL = YES;
				CLANG_ANALYZER_NUMBER_OBJECT_CONVERSION = YES_AGGRESSIVE;
				CLANG_CXX_LANGUAGE_STANDARD = "gnu++14";
				CLANG_CXX_LIBRARY = "libc++";
				CLANG_ENABLE_MODULES = YES;
				CLANG_ENABLE_OBJC_ARC = YES;
				CLANG_ENABLE_OBJC_WEAK = YES;
				CLANG_WARN_BLOCK_CAPTURE_AUTORELEASING = YES;
				CLANG_WARN_BOOL_CONVERSION = YES;
				CLANG_WARN_COMMA = YES;
				CLANG_WARN_CONSTANT_CONVERSION = YES;
				CLANG_WARN_DEPRECATED_OBJC_IMPLEMENTATIONS = YES;
				CLANG_WARN_DIRECT_OBJC_ISA_USAGE = YES_ERROR;
				CLANG_WARN_DOCUMENTATION_COMMENTS = YES;
				CLANG_WARN_EMPTY_BODY = YES;
				CLANG_WARN_ENUM_CONVERSION = YES;
				CLANG_WARN_INFINITE_RECURSION = YES;
				CLANG_WARN_INT_CONVERSION = YES;
				CLANG_WARN_NON_LITERAL_NULL_CONVERSION = YES;
				CLANG_WARN_OBJC_IMPLICIT_RETAIN_SELF = YES;
				CLANG_WARN_OBJC_LITERAL_CONVERSION = YES;
				CLANG_WARN_OBJC_ROOT_CLASS = YES_ERROR;
				CLANG_WARN_QUOTED_INCLUDE_IN_FRAMEWORK_HEADER = YES;
				CLANG_WARN_RANGE_LOOP_ANALYSIS = YES;
				CLANG_WARN_STRICT_PROTOTYPES = YES;
				CLANG_WARN_SUSPICIOUS_MOVE = YES;
				CLANG_WARN_UNGUARDED_AVAILABILITY = YES_AGGRESSIVE;
				CLANG_WARN_UNREACHABLE_CODE = YES;
				CLANG_WARN__DUPLICATE_METHOD_MATCH = YES;
				COPY_PHASE_STRIP = NO;
				DEBUG_INFORMATION_FORMAT = "dwarf-with-dsym";
				ENABLE_NS_ASSERTIONS = NO;
				ENABLE_STRICT_OBJC_MSGSEND = YES;
				GCC_C_LANGUAGE_STANDARD = gnu11;
				GCC_NO_COMMON_BLOCKS = YES;
				GCC_WARN_64_TO_32_BIT_CONVERSION = YES;
				GCC_WARN_ABOUT_RETURN_TYPE = YES_ERROR;
				GCC_WARN_UNDECLARED_SELECTOR = YES;
				GCC_WARN_UNINITIALIZED_AUTOS = YES_AGGRESSIVE;
				GCC_WARN_UNUSED_FUNCTION = YES;
				GCC_WARN_UNUSED_VARIABLE = YES;
				IPHONEOS_DEPLOYMENT_TARGET = 13.0;
				MTL_ENABLE_DEBUG_INFO = NO;
				MTL_FAST_MATH = YES;
				SDKROOT = iphoneos;
				SWIFT_COMPILATION_MODE = wholemodule;
				SWIFT_OPTIMIZATION_LEVEL = "-O";
				VALIDATE_PRODUCT = YES;
			};
			name = Release;
		};
		909537DC25615BA6007AF01C /* Debug */ = {
			isa = XCBuildConfiguration;
			baseConfigurationReference = 5BED94D87A664CD160C86DE1 /* Pods-InstaMatch.debug.xcconfig */;
			buildSettings = {
				ASSETCATALOG_COMPILER_APPICON_NAME = AppIcon;
				ASSETCATALOG_COMPILER_GLOBAL_ACCENT_COLOR_NAME = AccentColor;
				CODE_SIGN_ENTITLEMENTS = InstaMatch/InstaMatch.entitlements;
				CODE_SIGN_STYLE = Automatic;
				DEVELOPMENT_ASSET_PATHS = "\"InstaMatch/Preview Content\"";
				DEVELOPMENT_TEAM = 24G3237JT8;
				ENABLE_PREVIEWS = YES;
				INFOPLIST_FILE = InstaMatch/Info.plist;
				IPHONEOS_DEPLOYMENT_TARGET = 13.0;
				"IPHONEOS_DEPLOYMENT_TARGET[sdk=macosx*]" = 14.2;
				LD_RUNPATH_SEARCH_PATHS = (
					"$(inherited)",
					"@executable_path/Frameworks",
				);
				PRODUCT_BUNDLE_IDENTIFIER = com.labters.InstaMatch;
				PRODUCT_NAME = "$(TARGET_NAME)";
				SUPPORTS_MACCATALYST = YES;
				SUPPORTS_MAC_DESIGNED_FOR_IPHONE_IPAD = NO;
				SWIFT_VERSION = 5.0;
				TARGETED_DEVICE_FAMILY = "1,2,6";
			};
			name = Debug;
		};
		909537DD25615BA6007AF01C /* Release */ = {
			isa = XCBuildConfiguration;
			baseConfigurationReference = BF54D1AD706DA07822A5BA09 /* Pods-InstaMatch.release.xcconfig */;
			buildSettings = {
				ASSETCATALOG_COMPILER_APPICON_NAME = AppIcon;
				ASSETCATALOG_COMPILER_GLOBAL_ACCENT_COLOR_NAME = AccentColor;
				CODE_SIGN_ENTITLEMENTS = InstaMatch/InstaMatch.entitlements;
				CODE_SIGN_STYLE = Automatic;
				DEVELOPMENT_ASSET_PATHS = "\"InstaMatch/Preview Content\"";
				DEVELOPMENT_TEAM = 24G3237JT8;
				ENABLE_PREVIEWS = YES;
				INFOPLIST_FILE = InstaMatch/Info.plist;
				IPHONEOS_DEPLOYMENT_TARGET = 13.0;
				"IPHONEOS_DEPLOYMENT_TARGET[sdk=macosx*]" = 14.2;
				LD_RUNPATH_SEARCH_PATHS = (
					"$(inherited)",
					"@executable_path/Frameworks",
				);
				PRODUCT_BUNDLE_IDENTIFIER = com.labters.InstaMatch;
				PRODUCT_NAME = "$(TARGET_NAME)";
				SUPPORTS_MACCATALYST = YES;
				SUPPORTS_MAC_DESIGNED_FOR_IPHONE_IPAD = NO;
				SWIFT_VERSION = 5.0;
				TARGETED_DEVICE_FAMILY = "1,2,6";
			};
			name = Release;
		};
/* End XCBuildConfiguration section */

/* Begin XCConfigurationList section */
		909537C225615BA4007AF01C /* Build configuration list for PBXProject "InstaMatch" */ = {
			isa = XCConfigurationList;
			buildConfigurations = (
				909537D925615BA6007AF01C /* Debug */,
				909537DA25615BA6007AF01C /* Release */,
			);
			defaultConfigurationIsVisible = 0;
			defaultConfigurationName = Release;
		};
		909537DB25615BA6007AF01C /* Build configuration list for PBXNativeTarget "InstaMatch" */ = {
			isa = XCConfigurationList;
			buildConfigurations = (
				909537DC25615BA6007AF01C /* Debug */,
				909537DD25615BA6007AF01C /* Release */,
			);
			defaultConfigurationIsVisible = 0;
			defaultConfigurationName = Release;
		};
/* End XCConfigurationList section */
	};
	rootObject = 909537BF25615BA4007AF01C /* Project object */;
}
