// !$*UTF8*$!
{
	archiveVersion = 1;
	classes = {
	};
	objectVersion = 51;
	objects = {

/* Begin PBXBuildFile section */
		4882888C29D6D65C199C4E13 /* Pods_InstantMatch.framework in Frameworks */ = {isa = PBXBuildFile; fileRef = E75974161026801FC7CFD914 /* Pods_InstantMatch.framework */; };
		9001FB0C25A326EE003C2313 /* NotificationButtons.swift in Sources */ = {isa = PBXBuildFile; fileRef = 9001FB0B25A326EE003C2313 /* NotificationButtons.swift */; };
		900AE83725AA4353006D1438 /* NotificationService.swift in Sources */ = {isa = PBXBuildFile; fileRef = 900AE83625AA4353006D1438 /* NotificationService.swift */; };
		900AE83B25AA4353006D1438 /* Notifications.appex in Embed App Extensions */ = {isa = PBXBuildFile; fileRef = 900AE83425AA4353006D1438 /* Notifications.appex */; settings = {ATTRIBUTES = (RemoveHeadersOnCopy, ); }; };
		900AE84525AA4E44006D1438 /* Notification.swift in Sources */ = {isa = PBXBuildFile; fileRef = 90D1351325A2451F00D6D76A /* Notification.swift */; };
		900AE84D25AA4EBF006D1438 /* Login.swift in Sources */ = {isa = PBXBuildFile; fileRef = 90710D092598E168008CA77B /* Login.swift */; };
		900AE86225AA5417006D1438 /* Localizable.strings in Resources */ = {isa = PBXBuildFile; fileRef = 900AE86525AA5417006D1438 /* Localizable.strings */; };
		900AE86325AA5417006D1438 /* Localizable.strings in Resources */ = {isa = PBXBuildFile; fileRef = 900AE86525AA5417006D1438 /* Localizable.strings */; };
		90710D042598DFDA008CA77B /* HTTPManager.swift in Sources */ = {isa = PBXBuildFile; fileRef = 90710D032598DFDA008CA77B /* HTTPManager.swift */; };
		90710D072598E01B008CA77B /* APIManager.swift in Sources */ = {isa = PBXBuildFile; fileRef = 90710D062598E01B008CA77B /* APIManager.swift */; };
		90710D0A2598E168008CA77B /* Login.swift in Sources */ = {isa = PBXBuildFile; fileRef = 90710D092598E168008CA77B /* Login.swift */; };
		907A81F425A5BE1A00A4DAED /* PhotosViewOld.swift in Sources */ = {isa = PBXBuildFile; fileRef = 907A81F325A5BE1A00A4DAED /* PhotosViewOld.swift */; };
		909537CB25615BA4007AF01C /* AppDelegate.swift in Sources */ = {isa = PBXBuildFile; fileRef = 909537CA25615BA4007AF01C /* AppDelegate.swift */; };
		909537CD25615BA4007AF01C /* SceneDelegate.swift in Sources */ = {isa = PBXBuildFile; fileRef = 909537CC25615BA4007AF01C /* SceneDelegate.swift */; };
		909537CF25615BA4007AF01C /* ContentView.swift in Sources */ = {isa = PBXBuildFile; fileRef = 909537CE25615BA4007AF01C /* ContentView.swift */; };
		909537D125615BA6007AF01C /* Assets.xcassets in Resources */ = {isa = PBXBuildFile; fileRef = 909537D025615BA6007AF01C /* Assets.xcassets */; };
		909537D425615BA6007AF01C /* Preview Assets.xcassets in Resources */ = {isa = PBXBuildFile; fileRef = 909537D325615BA6007AF01C /* Preview Assets.xcassets */; };
		909537D725615BA6007AF01C /* LaunchScreen.storyboard in Resources */ = {isa = PBXBuildFile; fileRef = 909537D525615BA6007AF01C /* LaunchScreen.storyboard */; };
		909537EC25615C19007AF01C /* WelcomeView.swift in Sources */ = {isa = PBXBuildFile; fileRef = 909537E425615C19007AF01C /* WelcomeView.swift */; };
		909537ED25615C19007AF01C /* MorphRectangle.swift in Sources */ = {isa = PBXBuildFile; fileRef = 909537E725615C19007AF01C /* MorphRectangle.swift */; };
		909537EE25615C19007AF01C /* MorphingTabBar.swift in Sources */ = {isa = PBXBuildFile; fileRef = 909537E825615C19007AF01C /* MorphingTabBar.swift */; };
		909537EF25615C19007AF01C /* Extensions.swift in Sources */ = {isa = PBXBuildFile; fileRef = 909537E925615C19007AF01C /* Extensions.swift */; };
		909537F025615C19007AF01C /* LottieView.swift in Sources */ = {isa = PBXBuildFile; fileRef = 909537EA25615C19007AF01C /* LottieView.swift */; };
		909537F125615C19007AF01C /* people.json in Resources */ = {isa = PBXBuildFile; fileRef = 909537EB25615C19007AF01C /* people.json */; };
		909537F825615CF5007AF01C /* SwapsTab.swift in Sources */ = {isa = PBXBuildFile; fileRef = 909537F725615CF5007AF01C /* SwapsTab.swift */; };
		909537FC25615D1F007AF01C /* SettingsTab.swift in Sources */ = {isa = PBXBuildFile; fileRef = 909537FB25615D1F007AF01C /* SettingsTab.swift */; };
		909537FF25615D31007AF01C /* RequestsTab.swift in Sources */ = {isa = PBXBuildFile; fileRef = 909537FE25615D31007AF01C /* RequestsTab.swift */; };
		9095380225616434007AF01C /* SwapCard.swift in Sources */ = {isa = PBXBuildFile; fileRef = 9095380125616434007AF01C /* SwapCard.swift */; };
		909538062561671C007AF01C /* Cards.swift in Sources */ = {isa = PBXBuildFile; fileRef = 909538052561671B007AF01C /* Cards.swift */; };
		9095380B256168E4007AF01C /* ViewModel.swift in Sources */ = {isa = PBXBuildFile; fileRef = 9095380A256168E4007AF01C /* ViewModel.swift */; };
		90A2455C25A9BCCC00570948 /* GoogleService-Info.plist in Resources */ = {isa = PBXBuildFile; fileRef = 90A2455B25A9BCCC00570948 /* GoogleService-Info.plist */; };
		90C9D0532561C3BB0095823F /* SafariView.swift in Sources */ = {isa = PBXBuildFile; fileRef = 90C9D0522561C3BB0095823F /* SafariView.swift */; };
		90CBE9F425A3A91700284877 /* SettingsName.swift in Sources */ = {isa = PBXBuildFile; fileRef = 90CBE9F325A3A91700284877 /* SettingsName.swift */; };
		90CBE9F825A3AFC100284877 /* SettingsInstagram.swift in Sources */ = {isa = PBXBuildFile; fileRef = 90CBE9F725A3AFC100284877 /* SettingsInstagram.swift */; };
		90CBE9FB25A3B05600284877 /* SettingsBirthday.swift in Sources */ = {isa = PBXBuildFile; fileRef = 90CBE9FA25A3B05600284877 /* SettingsBirthday.swift */; };
		90CBE9FE25A3B1C600284877 /* SettingsGender.swift in Sources */ = {isa = PBXBuildFile; fileRef = 90CBE9FD25A3B1C600284877 /* SettingsGender.swift */; };
		90CBEA0125A3B2BA00284877 /* SettingsLookingFor.swift in Sources */ = {isa = PBXBuildFile; fileRef = 90CBEA0025A3B2BA00284877 /* SettingsLookingFor.swift */; };
		90D10806256A7A77006F596A /* PhotosViewNew.swift in Sources */ = {isa = PBXBuildFile; fileRef = 90D10805256A7A77006F596A /* PhotosViewNew.swift */; };
		90D10809256AB366006F596A /* ImagePicker.swift in Sources */ = {isa = PBXBuildFile; fileRef = 90D10808256AB366006F596A /* ImagePicker.swift */; };
		90D1350D25A1EA8C00D6D76A /* CustomError.swift in Sources */ = {isa = PBXBuildFile; fileRef = 90D1350C25A1EA8C00D6D76A /* CustomError.swift */; };
		90D1351125A1F65E00D6D76A /* ActivityIndicator.swift in Sources */ = {isa = PBXBuildFile; fileRef = 90D1351025A1F65E00D6D76A /* ActivityIndicator.swift */; };
		90D1351425A2451F00D6D76A /* Notification.swift in Sources */ = {isa = PBXBuildFile; fileRef = 90D1351325A2451F00D6D76A /* Notification.swift */; };
		90F0659525699DDB00055F66 /* LoginView.swift in Sources */ = {isa = PBXBuildFile; fileRef = 90F0659425699DDB00055F66 /* LoginView.swift */; };
		90F065AE2569A24400055F66 /* AuthVM.swift in Sources */ = {isa = PBXBuildFile; fileRef = 90F065AD2569A24400055F66 /* AuthVM.swift */; };
		90F065B52569A45B00055F66 /* login.json in Resources */ = {isa = PBXBuildFile; fileRef = 90F065B42569A45B00055F66 /* login.json */; };
		90F065B82569BD0E00055F66 /* KeyboardHelper.swift in Sources */ = {isa = PBXBuildFile; fileRef = 90F065B72569BD0E00055F66 /* KeyboardHelper.swift */; };
		90F065BB2569BF5400055F66 /* RegisterView.swift in Sources */ = {isa = PBXBuildFile; fileRef = 90F065BA2569BF5400055F66 /* RegisterView.swift */; };
/* End PBXBuildFile section */

/* Begin PBXContainerItemProxy section */
		900AE83925AA4353006D1438 /* PBXContainerItemProxy */ = {
			isa = PBXContainerItemProxy;
			containerPortal = 909537BF25615BA4007AF01C /* Project object */;
			proxyType = 1;
			remoteGlobalIDString = 900AE83325AA4353006D1438;
			remoteInfo = Notifications;
		};
/* End PBXContainerItemProxy section */

/* Begin PBXCopyFilesBuildPhase section */
		900AE83C25AA4353006D1438 /* Embed App Extensions */ = {
			isa = PBXCopyFilesBuildPhase;
			buildActionMask = 2147483647;
			dstPath = "";
			dstSubfolderSpec = 13;
			files = (
				900AE83B25AA4353006D1438 /* Notifications.appex in Embed App Extensions */,
			);
			name = "Embed App Extensions";
			runOnlyForDeploymentPostprocessing = 0;
		};
/* End PBXCopyFilesBuildPhase section */

/* Begin PBXFileReference section */
		1A826C7266847B58BC73B8F3 /* Pods-InstantMatch.release.xcconfig */ = {isa = PBXFileReference; includeInIndex = 1; lastKnownFileType = text.xcconfig; name = "Pods-InstantMatch.release.xcconfig"; path = "Target Support Files/Pods-InstantMatch/Pods-InstantMatch.release.xcconfig"; sourceTree = "<group>"; };
		47CFFA7F1473A99B80AB775E /* Pods-InstantMatch.debug.xcconfig */ = {isa = PBXFileReference; includeInIndex = 1; lastKnownFileType = text.xcconfig; name = "Pods-InstantMatch.debug.xcconfig"; path = "Target Support Files/Pods-InstantMatch/Pods-InstantMatch.debug.xcconfig"; sourceTree = "<group>"; };
		9001FB0B25A326EE003C2313 /* NotificationButtons.swift */ = {isa = PBXFileReference; lastKnownFileType = sourcecode.swift; path = NotificationButtons.swift; sourceTree = "<group>"; };
		900AE83425AA4353006D1438 /* Notifications.appex */ = {isa = PBXFileReference; explicitFileType = "wrapper.app-extension"; includeInIndex = 0; path = Notifications.appex; sourceTree = BUILT_PRODUCTS_DIR; };
		900AE83625AA4353006D1438 /* NotificationService.swift */ = {isa = PBXFileReference; lastKnownFileType = sourcecode.swift; path = NotificationService.swift; sourceTree = "<group>"; };
		900AE83825AA4353006D1438 /* Info.plist */ = {isa = PBXFileReference; lastKnownFileType = text.plist.xml; path = Info.plist; sourceTree = "<group>"; };
		900AE84225AA4394006D1438 /* Notifications.entitlements */ = {isa = PBXFileReference; lastKnownFileType = text.plist.entitlements; path = Notifications.entitlements; sourceTree = "<group>"; };
		900AE86425AA5417006D1438 /* en */ = {isa = PBXFileReference; lastKnownFileType = text.plist.strings; name = en; path = en.lproj/Localizable.strings; sourceTree = "<group>"; };
		900AE86825AA542A006D1438 /* tr */ = {isa = PBXFileReference; lastKnownFileType = text.plist.strings; name = tr; path = tr.lproj/Localizable.strings; sourceTree = "<group>"; };
		90710D032598DFDA008CA77B /* HTTPManager.swift */ = {isa = PBXFileReference; lastKnownFileType = sourcecode.swift; path = HTTPManager.swift; sourceTree = "<group>"; };
		90710D062598E01B008CA77B /* APIManager.swift */ = {isa = PBXFileReference; lastKnownFileType = sourcecode.swift; path = APIManager.swift; sourceTree = "<group>"; };
		90710D092598E168008CA77B /* Login.swift */ = {isa = PBXFileReference; lastKnownFileType = sourcecode.swift; path = Login.swift; sourceTree = "<group>"; };
		907A81F325A5BE1A00A4DAED /* PhotosViewOld.swift */ = {isa = PBXFileReference; lastKnownFileType = sourcecode.swift; path = PhotosViewOld.swift; sourceTree = "<group>"; };
		909537C725615BA4007AF01C /* InstantMatch.app */ = {isa = PBXFileReference; explicitFileType = wrapper.application; includeInIndex = 0; path = InstantMatch.app; sourceTree = BUILT_PRODUCTS_DIR; };
		909537CA25615BA4007AF01C /* AppDelegate.swift */ = {isa = PBXFileReference; lastKnownFileType = sourcecode.swift; path = AppDelegate.swift; sourceTree = "<group>"; };
		909537CC25615BA4007AF01C /* SceneDelegate.swift */ = {isa = PBXFileReference; lastKnownFileType = sourcecode.swift; path = SceneDelegate.swift; sourceTree = "<group>"; };
		909537CE25615BA4007AF01C /* ContentView.swift */ = {isa = PBXFileReference; lastKnownFileType = sourcecode.swift; path = ContentView.swift; sourceTree = "<group>"; };
		909537D025615BA6007AF01C /* Assets.xcassets */ = {isa = PBXFileReference; lastKnownFileType = folder.assetcatalog; path = Assets.xcassets; sourceTree = "<group>"; };
		909537D325615BA6007AF01C /* Preview Assets.xcassets */ = {isa = PBXFileReference; lastKnownFileType = folder.assetcatalog; path = "Preview Assets.xcassets"; sourceTree = "<group>"; };
		909537D625615BA6007AF01C /* Base */ = {isa = PBXFileReference; lastKnownFileType = file.storyboard; name = Base; path = Base.lproj/LaunchScreen.storyboard; sourceTree = "<group>"; };
		909537D825615BA6007AF01C /* Info.plist */ = {isa = PBXFileReference; lastKnownFileType = text.plist.xml; path = Info.plist; sourceTree = "<group>"; };
		909537DF25615BBF007AF01C /* InstantMatch.entitlements */ = {isa = PBXFileReference; lastKnownFileType = text.plist.entitlements; path = InstantMatch.entitlements; sourceTree = "<group>"; };
		909537E425615C19007AF01C /* WelcomeView.swift */ = {isa = PBXFileReference; fileEncoding = 4; lastKnownFileType = sourcecode.swift; path = WelcomeView.swift; sourceTree = "<group>"; };
		909537E725615C19007AF01C /* MorphRectangle.swift */ = {isa = PBXFileReference; fileEncoding = 4; lastKnownFileType = sourcecode.swift; path = MorphRectangle.swift; sourceTree = "<group>"; };
		909537E825615C19007AF01C /* MorphingTabBar.swift */ = {isa = PBXFileReference; fileEncoding = 4; lastKnownFileType = sourcecode.swift; path = MorphingTabBar.swift; sourceTree = "<group>"; };
		909537E925615C19007AF01C /* Extensions.swift */ = {isa = PBXFileReference; fileEncoding = 4; lastKnownFileType = sourcecode.swift; path = Extensions.swift; sourceTree = "<group>"; };
		909537EA25615C19007AF01C /* LottieView.swift */ = {isa = PBXFileReference; fileEncoding = 4; lastKnownFileType = sourcecode.swift; path = LottieView.swift; sourceTree = "<group>"; };
		909537EB25615C19007AF01C /* people.json */ = {isa = PBXFileReference; fileEncoding = 4; lastKnownFileType = text.json; path = people.json; sourceTree = "<group>"; };
		909537F725615CF5007AF01C /* SwapsTab.swift */ = {isa = PBXFileReference; lastKnownFileType = sourcecode.swift; path = SwapsTab.swift; sourceTree = "<group>"; };
		909537FB25615D1F007AF01C /* SettingsTab.swift */ = {isa = PBXFileReference; lastKnownFileType = sourcecode.swift; path = SettingsTab.swift; sourceTree = "<group>"; };
		909537FE25615D31007AF01C /* RequestsTab.swift */ = {isa = PBXFileReference; lastKnownFileType = sourcecode.swift; path = RequestsTab.swift; sourceTree = "<group>"; };
		9095380125616434007AF01C /* SwapCard.swift */ = {isa = PBXFileReference; lastKnownFileType = sourcecode.swift; path = SwapCard.swift; sourceTree = "<group>"; };
		909538052561671B007AF01C /* Cards.swift */ = {isa = PBXFileReference; lastKnownFileType = sourcecode.swift; path = Cards.swift; sourceTree = "<group>"; };
		9095380A256168E4007AF01C /* ViewModel.swift */ = {isa = PBXFileReference; lastKnownFileType = sourcecode.swift; path = ViewModel.swift; sourceTree = "<group>"; };
		90A2455B25A9BCCC00570948 /* GoogleService-Info.plist */ = {isa = PBXFileReference; fileEncoding = 4; lastKnownFileType = text.plist.xml; path = "GoogleService-Info.plist"; sourceTree = "<group>"; };
		90C9D0522561C3BB0095823F /* SafariView.swift */ = {isa = PBXFileReference; lastKnownFileType = sourcecode.swift; path = SafariView.swift; sourceTree = "<group>"; };
		90CBE9F325A3A91700284877 /* SettingsName.swift */ = {isa = PBXFileReference; lastKnownFileType = sourcecode.swift; path = SettingsName.swift; sourceTree = "<group>"; };
		90CBE9F725A3AFC100284877 /* SettingsInstagram.swift */ = {isa = PBXFileReference; lastKnownFileType = sourcecode.swift; path = SettingsInstagram.swift; sourceTree = "<group>"; };
		90CBE9FA25A3B05600284877 /* SettingsBirthday.swift */ = {isa = PBXFileReference; lastKnownFileType = sourcecode.swift; path = SettingsBirthday.swift; sourceTree = "<group>"; };
		90CBE9FD25A3B1C600284877 /* SettingsGender.swift */ = {isa = PBXFileReference; lastKnownFileType = sourcecode.swift; path = SettingsGender.swift; sourceTree = "<group>"; };
		90CBEA0025A3B2BA00284877 /* SettingsLookingFor.swift */ = {isa = PBXFileReference; lastKnownFileType = sourcecode.swift; path = SettingsLookingFor.swift; sourceTree = "<group>"; };
		90D10805256A7A77006F596A /* PhotosViewNew.swift */ = {isa = PBXFileReference; lastKnownFileType = sourcecode.swift; path = PhotosViewNew.swift; sourceTree = "<group>"; };
		90D10808256AB366006F596A /* ImagePicker.swift */ = {isa = PBXFileReference; lastKnownFileType = sourcecode.swift; path = ImagePicker.swift; sourceTree = "<group>"; };
		90D1350C25A1EA8C00D6D76A /* CustomError.swift */ = {isa = PBXFileReference; lastKnownFileType = sourcecode.swift; path = CustomError.swift; sourceTree = "<group>"; };
		90D1351025A1F65E00D6D76A /* ActivityIndicator.swift */ = {isa = PBXFileReference; lastKnownFileType = sourcecode.swift; path = ActivityIndicator.swift; sourceTree = "<group>"; };
		90D1351325A2451F00D6D76A /* Notification.swift */ = {isa = PBXFileReference; lastKnownFileType = sourcecode.swift; path = Notification.swift; sourceTree = "<group>"; };
		90F0659425699DDB00055F66 /* LoginView.swift */ = {isa = PBXFileReference; lastKnownFileType = sourcecode.swift; path = LoginView.swift; sourceTree = "<group>"; };
		90F065AD2569A24400055F66 /* AuthVM.swift */ = {isa = PBXFileReference; lastKnownFileType = sourcecode.swift; path = AuthVM.swift; sourceTree = "<group>"; };
		90F065B42569A45B00055F66 /* login.json */ = {isa = PBXFileReference; fileEncoding = 4; lastKnownFileType = text.json; path = login.json; sourceTree = "<group>"; };
		90F065B72569BD0E00055F66 /* KeyboardHelper.swift */ = {isa = PBXFileReference; lastKnownFileType = sourcecode.swift; path = KeyboardHelper.swift; sourceTree = "<group>"; };
		90F065BA2569BF5400055F66 /* RegisterView.swift */ = {isa = PBXFileReference; lastKnownFileType = sourcecode.swift; path = RegisterView.swift; sourceTree = "<group>"; };
		E75974161026801FC7CFD914 /* Pods_InstantMatch.framework */ = {isa = PBXFileReference; explicitFileType = wrapper.framework; includeInIndex = 0; path = Pods_InstantMatch.framework; sourceTree = BUILT_PRODUCTS_DIR; };
/* End PBXFileReference section */

/* Begin PBXFrameworksBuildPhase section */
		900AE83125AA4353006D1438 /* Frameworks */ = {
			isa = PBXFrameworksBuildPhase;
			buildActionMask = 2147483647;
			files = (
			);
			runOnlyForDeploymentPostprocessing = 0;
		};
		909537C425615BA4007AF01C /* Frameworks */ = {
			isa = PBXFrameworksBuildPhase;
			buildActionMask = 2147483647;
			files = (
				4882888C29D6D65C199C4E13 /* Pods_InstantMatch.framework in Frameworks */,
			);
			runOnlyForDeploymentPostprocessing = 0;
		};
/* End PBXFrameworksBuildPhase section */

/* Begin PBXGroup section */
		815C68194C572410B52C5263 /* Frameworks */ = {
			isa = PBXGroup;
			children = (
				E75974161026801FC7CFD914 /* Pods_InstantMatch.framework */,
			);
			name = Frameworks;
			sourceTree = "<group>";
		};
		85D632097A68353A59C096A1 /* Pods */ = {
			isa = PBXGroup;
			children = (
				47CFFA7F1473A99B80AB775E /* Pods-InstantMatch.debug.xcconfig */,
				1A826C7266847B58BC73B8F3 /* Pods-InstantMatch.release.xcconfig */,
			);
			path = Pods;
			sourceTree = "<group>";
		};
		900AE83525AA4353006D1438 /* Notifications */ = {
			isa = PBXGroup;
			children = (
				900AE84225AA4394006D1438 /* Notifications.entitlements */,
				900AE83625AA4353006D1438 /* NotificationService.swift */,
				900AE83825AA4353006D1438 /* Info.plist */,
			);
			path = Notifications;
			sourceTree = "<group>";
		};
		90710D022598DFA1008CA77B /* API */ = {
			isa = PBXGroup;
			children = (
				90710D032598DFDA008CA77B /* HTTPManager.swift */,
				90710D062598E01B008CA77B /* APIManager.swift */,
			);
			path = API;
			sourceTree = "<group>";
		};
		909537BE25615BA4007AF01C = {
			isa = PBXGroup;
			children = (
				909537C925615BA4007AF01C /* InstantMatch */,
				900AE83525AA4353006D1438 /* Notifications */,
				909537C825615BA4007AF01C /* Products */,
				85D632097A68353A59C096A1 /* Pods */,
				815C68194C572410B52C5263 /* Frameworks */,
			);
			sourceTree = "<group>";
		};
		909537C825615BA4007AF01C /* Products */ = {
			isa = PBXGroup;
			children = (
				909537C725615BA4007AF01C /* InstantMatch.app */,
				900AE83425AA4353006D1438 /* Notifications.appex */,
			);
			name = Products;
			sourceTree = "<group>";
		};
		909537C925615BA4007AF01C /* InstantMatch */ = {
			isa = PBXGroup;
			children = (
				90710D022598DFA1008CA77B /* API */,
				90953809256168D7007AF01C /* ViewModels */,
				909538042561670A007AF01C /* Models */,
				909537E525615C19007AF01C /* Components */,
				909537E325615C19007AF01C /* Views */,
				909537DF25615BBF007AF01C /* InstantMatch.entitlements */,
				909537CA25615BA4007AF01C /* AppDelegate.swift */,
				909537CC25615BA4007AF01C /* SceneDelegate.swift */,
				909537CE25615BA4007AF01C /* ContentView.swift */,
				909537D025615BA6007AF01C /* Assets.xcassets */,
				909537D525615BA6007AF01C /* LaunchScreen.storyboard */,
				909537D825615BA6007AF01C /* Info.plist */,
				90A2455B25A9BCCC00570948 /* GoogleService-Info.plist */,
				909537D225615BA6007AF01C /* Preview Content */,
				900AE86525AA5417006D1438 /* Localizable.strings */,
			);
			path = InstantMatch;
			sourceTree = "<group>";
		};
		909537D225615BA6007AF01C /* Preview Content */ = {
			isa = PBXGroup;
			children = (
				909537D325615BA6007AF01C /* Preview Assets.xcassets */,
			);
			path = "Preview Content";
			sourceTree = "<group>";
		};
		909537E325615C19007AF01C /* Views */ = {
			isa = PBXGroup;
			children = (
				90CBE9F225A3A90600284877 /* Settings */,
				90F0659725699DE400055F66 /* Auth */,
				909537F625615CDF007AF01C /* Tabs */,
			);
			path = Views;
			sourceTree = "<group>";
		};
		909537E525615C19007AF01C /* Components */ = {
			isa = PBXGroup;
			children = (
				909537E625615C19007AF01C /* Tabbar */,
				909537E925615C19007AF01C /* Extensions.swift */,
				909537EA25615C19007AF01C /* LottieView.swift */,
				90F065B42569A45B00055F66 /* login.json */,
				909537EB25615C19007AF01C /* people.json */,
				9095380125616434007AF01C /* SwapCard.swift */,
				90C9D0522561C3BB0095823F /* SafariView.swift */,
				90F065B72569BD0E00055F66 /* KeyboardHelper.swift */,
				90D10808256AB366006F596A /* ImagePicker.swift */,
				90D1351025A1F65E00D6D76A /* ActivityIndicator.swift */,
				9001FB0B25A326EE003C2313 /* NotificationButtons.swift */,
			);
			path = Components;
			sourceTree = "<group>";
		};
		909537E625615C19007AF01C /* Tabbar */ = {
			isa = PBXGroup;
			children = (
				909537E725615C19007AF01C /* MorphRectangle.swift */,
				909537E825615C19007AF01C /* MorphingTabBar.swift */,
			);
			path = Tabbar;
			sourceTree = "<group>";
		};
		909537F625615CDF007AF01C /* Tabs */ = {
			isa = PBXGroup;
			children = (
				909537F725615CF5007AF01C /* SwapsTab.swift */,
				909537FB25615D1F007AF01C /* SettingsTab.swift */,
				909537FE25615D31007AF01C /* RequestsTab.swift */,
			);
			path = Tabs;
			sourceTree = "<group>";
		};
		909538042561670A007AF01C /* Models */ = {
			isa = PBXGroup;
			children = (
				909538052561671B007AF01C /* Cards.swift */,
				90710D092598E168008CA77B /* Login.swift */,
				90D1350C25A1EA8C00D6D76A /* CustomError.swift */,
				90D1351325A2451F00D6D76A /* Notification.swift */,
			);
			path = Models;
			sourceTree = "<group>";
		};
		90953809256168D7007AF01C /* ViewModels */ = {
			isa = PBXGroup;
			children = (
				9095380A256168E4007AF01C /* ViewModel.swift */,
				90F065AD2569A24400055F66 /* AuthVM.swift */,
			);
			path = ViewModels;
			sourceTree = "<group>";
		};
		90CBE9F225A3A90600284877 /* Settings */ = {
			isa = PBXGroup;
			children = (
				90CBE9F325A3A91700284877 /* SettingsName.swift */,
				90CBE9F725A3AFC100284877 /* SettingsInstagram.swift */,
				90CBE9FA25A3B05600284877 /* SettingsBirthday.swift */,
				90CBE9FD25A3B1C600284877 /* SettingsGender.swift */,
				90CBEA0025A3B2BA00284877 /* SettingsLookingFor.swift */,
			);
			path = Settings;
			sourceTree = "<group>";
		};
		90F0659725699DE400055F66 /* Auth */ = {
			isa = PBXGroup;
			children = (
				909537E425615C19007AF01C /* WelcomeView.swift */,
				90F0659425699DDB00055F66 /* LoginView.swift */,
				90F065BA2569BF5400055F66 /* RegisterView.swift */,
				90D10805256A7A77006F596A /* PhotosViewNew.swift */,
				907A81F325A5BE1A00A4DAED /* PhotosViewOld.swift */,
			);
			path = Auth;
			sourceTree = "<group>";
		};
/* End PBXGroup section */

/* Begin PBXNativeTarget section */
		900AE83325AA4353006D1438 /* Notifications */ = {
			isa = PBXNativeTarget;
			buildConfigurationList = 900AE83F25AA4353006D1438 /* Build configuration list for PBXNativeTarget "Notifications" */;
			buildPhases = (
				900AE83025AA4353006D1438 /* Sources */,
				900AE83125AA4353006D1438 /* Frameworks */,
				900AE83225AA4353006D1438 /* Resources */,
			);
			buildRules = (
			);
			dependencies = (
			);
			name = Notifications;
			productName = Notifications;
			productReference = 900AE83425AA4353006D1438 /* Notifications.appex */;
			productType = "com.apple.product-type.app-extension";
		};
		909537C625615BA4007AF01C /* InstantMatch */ = {
			isa = PBXNativeTarget;
			buildConfigurationList = 909537DB25615BA6007AF01C /* Build configuration list for PBXNativeTarget "InstantMatch" */;
			buildPhases = (
				C18B58C2832D040B50C61610 /* [CP] Check Pods Manifest.lock */,
				909537C325615BA4007AF01C /* Sources */,
				909537C425615BA4007AF01C /* Frameworks */,
				909537C525615BA4007AF01C /* Resources */,
				7353FA3C5C1915448FD2A2DF /* [CP] Embed Pods Frameworks */,
				900AE83C25AA4353006D1438 /* Embed App Extensions */,
			);
			buildRules = (
			);
			dependencies = (
				900AE83A25AA4353006D1438 /* PBXTargetDependency */,
			);
			name = InstantMatch;
			productName = InstaSwap;
			productReference = 909537C725615BA4007AF01C /* InstantMatch.app */;
			productType = "com.apple.product-type.application";
		};
/* End PBXNativeTarget section */

/* Begin PBXProject section */
		909537BF25615BA4007AF01C /* Project object */ = {
			isa = PBXProject;
			attributes = {
				LastSwiftUpdateCheck = 1230;
				LastUpgradeCheck = 1220;
				TargetAttributes = {
					900AE83325AA4353006D1438 = {
						CreatedOnToolsVersion = 12.3;
					};
					909537C625615BA4007AF01C = {
						CreatedOnToolsVersion = 12.2;
					};
				};
			};
			buildConfigurationList = 909537C225615BA4007AF01C /* Build configuration list for PBXProject "InstantMatch" */;
			compatibilityVersion = "Xcode 9.3";
			developmentRegion = en;
			hasScannedForEncodings = 0;
			knownRegions = (
				en,
				Base,
				tr,
			);
			mainGroup = 909537BE25615BA4007AF01C;
			productRefGroup = 909537C825615BA4007AF01C /* Products */;
			projectDirPath = "";
			projectRoot = "";
			targets = (
				909537C625615BA4007AF01C /* InstantMatch */,
				900AE83325AA4353006D1438 /* Notifications */,
			);
		};
/* End PBXProject section */

/* Begin PBXResourcesBuildPhase section */
		900AE83225AA4353006D1438 /* Resources */ = {
			isa = PBXResourcesBuildPhase;
			buildActionMask = 2147483647;
			files = (
				900AE86325AA5417006D1438 /* Localizable.strings in Resources */,
			);
			runOnlyForDeploymentPostprocessing = 0;
		};
		909537C525615BA4007AF01C /* Resources */ = {
			isa = PBXResourcesBuildPhase;
			buildActionMask = 2147483647;
			files = (
				909537F125615C19007AF01C /* people.json in Resources */,
				909537D725615BA6007AF01C /* LaunchScreen.storyboard in Resources */,
				90F065B52569A45B00055F66 /* login.json in Resources */,
				900AE86225AA5417006D1438 /* Localizable.strings in Resources */,
				909537D425615BA6007AF01C /* Preview Assets.xcassets in Resources */,
				909537D125615BA6007AF01C /* Assets.xcassets in Resources */,
				90A2455C25A9BCCC00570948 /* GoogleService-Info.plist in Resources */,
			);
			runOnlyForDeploymentPostprocessing = 0;
		};
/* End PBXResourcesBuildPhase section */

/* Begin PBXShellScriptBuildPhase section */
		7353FA3C5C1915448FD2A2DF /* [CP] Embed Pods Frameworks */ = {
			isa = PBXShellScriptBuildPhase;
			buildActionMask = 2147483647;
			files = (
			);
			inputFileListPaths = (
				"${PODS_ROOT}/Target Support Files/Pods-InstantMatch/Pods-InstantMatch-frameworks-${CONFIGURATION}-input-files.xcfilelist",
			);
			name = "[CP] Embed Pods Frameworks";
			outputFileListPaths = (
				"${PODS_ROOT}/Target Support Files/Pods-InstantMatch/Pods-InstantMatch-frameworks-${CONFIGURATION}-output-files.xcfilelist",
			);
			runOnlyForDeploymentPostprocessing = 0;
			shellPath = /bin/sh;
			shellScript = "\"${PODS_ROOT}/Target Support Files/Pods-InstantMatch/Pods-InstantMatch-frameworks.sh\"\n";
			showEnvVarsInLog = 0;
		};
		C18B58C2832D040B50C61610 /* [CP] Check Pods Manifest.lock */ = {
			isa = PBXShellScriptBuildPhase;
			buildActionMask = 2147483647;
			files = (
			);
			inputFileListPaths = (
			);
			inputPaths = (
				"${PODS_PODFILE_DIR_PATH}/Podfile.lock",
				"${PODS_ROOT}/Manifest.lock",
			);
			name = "[CP] Check Pods Manifest.lock";
			outputFileListPaths = (
			);
			outputPaths = (
				"$(DERIVED_FILE_DIR)/Pods-InstantMatch-checkManifestLockResult.txt",
			);
			runOnlyForDeploymentPostprocessing = 0;
			shellPath = /bin/sh;
			shellScript = "diff \"${PODS_PODFILE_DIR_PATH}/Podfile.lock\" \"${PODS_ROOT}/Manifest.lock\" > /dev/null\nif [ $? != 0 ] ; then\n    # print error to STDERR\n    echo \"error: The sandbox is not in sync with the Podfile.lock. Run 'pod install' or update your CocoaPods installation.\" >&2\n    exit 1\nfi\n# This output is used by Xcode 'outputs' to avoid re-running this script phase.\necho \"SUCCESS\" > \"${SCRIPT_OUTPUT_FILE_0}\"\n";
			showEnvVarsInLog = 0;
		};
/* End PBXShellScriptBuildPhase section */

/* Begin PBXSourcesBuildPhase section */
		900AE83025AA4353006D1438 /* Sources */ = {
			isa = PBXSourcesBuildPhase;
			buildActionMask = 2147483647;
			files = (
				900AE84D25AA4EBF006D1438 /* Login.swift in Sources */,
				900AE84525AA4E44006D1438 /* Notification.swift in Sources */,
				900AE83725AA4353006D1438 /* NotificationService.swift in Sources */,
			);
			runOnlyForDeploymentPostprocessing = 0;
		};
		909537C325615BA4007AF01C /* Sources */ = {
			isa = PBXSourcesBuildPhase;
			buildActionMask = 2147483647;
			files = (
				909537ED25615C19007AF01C /* MorphRectangle.swift in Sources */,
				909538062561671C007AF01C /* Cards.swift in Sources */,
				909537FF25615D31007AF01C /* RequestsTab.swift in Sources */,
				90D10809256AB366006F596A /* ImagePicker.swift in Sources */,
				90D1351125A1F65E00D6D76A /* ActivityIndicator.swift in Sources */,
				9095380225616434007AF01C /* SwapCard.swift in Sources */,
				90C9D0532561C3BB0095823F /* SafariView.swift in Sources */,
				909537CB25615BA4007AF01C /* AppDelegate.swift in Sources */,
				90F065B82569BD0E00055F66 /* KeyboardHelper.swift in Sources */,
				90D10806256A7A77006F596A /* PhotosViewNew.swift in Sources */,
				90F065AE2569A24400055F66 /* AuthVM.swift in Sources */,
				90F065BB2569BF5400055F66 /* RegisterView.swift in Sources */,
				909537FC25615D1F007AF01C /* SettingsTab.swift in Sources */,
				9095380B256168E4007AF01C /* ViewModel.swift in Sources */,
				90CBEA0125A3B2BA00284877 /* SettingsLookingFor.swift in Sources */,
				90CBE9F425A3A91700284877 /* SettingsName.swift in Sources */,
				909537CD25615BA4007AF01C /* SceneDelegate.swift in Sources */,
				907A81F425A5BE1A00A4DAED /* PhotosViewOld.swift in Sources */,
				909537EC25615C19007AF01C /* WelcomeView.swift in Sources */,
				90710D0A2598E168008CA77B /* Login.swift in Sources */,
				90D1350D25A1EA8C00D6D76A /* CustomError.swift in Sources */,
				90CBE9FB25A3B05600284877 /* SettingsBirthday.swift in Sources */,
				9001FB0C25A326EE003C2313 /* NotificationButtons.swift in Sources */,
				90CBE9FE25A3B1C600284877 /* SettingsGender.swift in Sources */,
				909537CF25615BA4007AF01C /* ContentView.swift in Sources */,
				909537EE25615C19007AF01C /* MorphingTabBar.swift in Sources */,
				90D1351425A2451F00D6D76A /* Notification.swift in Sources */,
				909537EF25615C19007AF01C /* Extensions.swift in Sources */,
				909537F825615CF5007AF01C /* SwapsTab.swift in Sources */,
				90710D042598DFDA008CA77B /* HTTPManager.swift in Sources */,
				90710D072598E01B008CA77B /* APIManager.swift in Sources */,
				90CBE9F825A3AFC100284877 /* SettingsInstagram.swift in Sources */,
				90F0659525699DDB00055F66 /* LoginView.swift in Sources */,
				909537F025615C19007AF01C /* LottieView.swift in Sources */,
			);
			runOnlyForDeploymentPostprocessing = 0;
		};
/* End PBXSourcesBuildPhase section */

/* Begin PBXTargetDependency section */
		900AE83A25AA4353006D1438 /* PBXTargetDependency */ = {
			isa = PBXTargetDependency;
			target = 900AE83325AA4353006D1438 /* Notifications */;
			targetProxy = 900AE83925AA4353006D1438 /* PBXContainerItemProxy */;
		};
/* End PBXTargetDependency section */

/* Begin PBXVariantGroup section */
		900AE86525AA5417006D1438 /* Localizable.strings */ = {
			isa = PBXVariantGroup;
			children = (
				900AE86425AA5417006D1438 /* en */,
				900AE86825AA542A006D1438 /* tr */,
			);
			name = Localizable.strings;
			sourceTree = "<group>";
		};
		909537D525615BA6007AF01C /* LaunchScreen.storyboard */ = {
			isa = PBXVariantGroup;
			children = (
				909537D625615BA6007AF01C /* Base */,
			);
			name = LaunchScreen.storyboard;
			sourceTree = "<group>";
		};
/* End PBXVariantGroup section */

/* Begin XCBuildConfiguration section */
		900AE83D25AA4353006D1438 /* Debug */ = {
			isa = XCBuildConfiguration;
			buildSettings = {
				CODE_SIGN_ENTITLEMENTS = Notifications/Notifications.entitlements;
				CODE_SIGN_STYLE = Automatic;
				DEVELOPMENT_TEAM = 24G3237JT8;
				INFOPLIST_FILE = Notifications/Info.plist;
				IPHONEOS_DEPLOYMENT_TARGET = 13.0;
				LD_RUNPATH_SEARCH_PATHS = (
					"$(inherited)",
					"@executable_path/Frameworks",
					"@executable_path/../../Frameworks",
				);
				PRODUCT_BUNDLE_IDENTIFIER = com.labters.InstantMatch.Notifications;
				PRODUCT_NAME = "$(TARGET_NAME)";
				SKIP_INSTALL = YES;
				SWIFT_VERSION = 5.0;
				TARGETED_DEVICE_FAMILY = "1,2";
			};
			name = Debug;
		};
		900AE83E25AA4353006D1438 /* Release */ = {
			isa = XCBuildConfiguration;
			buildSettings = {
				CODE_SIGN_ENTITLEMENTS = Notifications/Notifications.entitlements;
				CODE_SIGN_STYLE = Automatic;
				DEVELOPMENT_TEAM = 24G3237JT8;
				INFOPLIST_FILE = Notifications/Info.plist;
				IPHONEOS_DEPLOYMENT_TARGET = 13.0;
				LD_RUNPATH_SEARCH_PATHS = (
					"$(inherited)",
					"@executable_path/Frameworks",
					"@executable_path/../../Frameworks",
				);
				PRODUCT_BUNDLE_IDENTIFIER = com.labters.InstantMatch.Notifications;
				PRODUCT_NAME = "$(TARGET_NAME)";
				SKIP_INSTALL = YES;
				SWIFT_VERSION = 5.0;
				TARGETED_DEVICE_FAMILY = "1,2";
			};
			name = Release;
		};
		909537D925615BA6007AF01C /* Debug */ = {
			isa = XCBuildConfiguration;
			buildSettings = {
				ALWAYS_SEARCH_USER_PATHS = NO;
				CLANG_ANALYZER_LOCALIZABILITY_NONLOCALIZED = YES;
				CLANG_ANALYZER_NONNULL = YES;
				CLANG_ANALYZER_NUMBER_OBJECT_CONVERSION = YES_AGGRESSIVE;
				CLANG_CXX_LANGUAGE_STANDARD = "gnu++14";
				CLANG_CXX_LIBRARY = "libc++";
				CLANG_ENABLE_MODULES = YES;
				CLANG_ENABLE_OBJC_ARC = YES;
				CLANG_ENABLE_OBJC_WEAK = YES;
				CLANG_WARN_BLOCK_CAPTURE_AUTORELEASING = YES;
				CLANG_WARN_BOOL_CONVERSION = YES;
				CLANG_WARN_COMMA = YES;
				CLANG_WARN_CONSTANT_CONVERSION = YES;
				CLANG_WARN_DEPRECATED_OBJC_IMPLEMENTATIONS = YES;
				CLANG_WARN_DIRECT_OBJC_ISA_USAGE = YES_ERROR;
				CLANG_WARN_DOCUMENTATION_COMMENTS = YES;
				CLANG_WARN_EMPTY_BODY = YES;
				CLANG_WARN_ENUM_CONVERSION = YES;
				CLANG_WARN_INFINITE_RECURSION = YES;
				CLANG_WARN_INT_CONVERSION = YES;
				CLANG_WARN_NON_LITERAL_NULL_CONVERSION = YES;
				CLANG_WARN_OBJC_IMPLICIT_RETAIN_SELF = YES;
				CLANG_WARN_OBJC_LITERAL_CONVERSION = YES;
				CLANG_WARN_OBJC_ROOT_CLASS = YES_ERROR;
				CLANG_WARN_QUOTED_INCLUDE_IN_FRAMEWORK_HEADER = YES;
				CLANG_WARN_RANGE_LOOP_ANALYSIS = YES;
				CLANG_WARN_STRICT_PROTOTYPES = YES;
				CLANG_WARN_SUSPICIOUS_MOVE = YES;
				CLANG_WARN_UNGUARDED_AVAILABILITY = YES_AGGRESSIVE;
				CLANG_WARN_UNREACHABLE_CODE = YES;
				CLANG_WARN__DUPLICATE_METHOD_MATCH = YES;
				COPY_PHASE_STRIP = NO;
				DEBUG_INFORMATION_FORMAT = dwarf;
				ENABLE_STRICT_OBJC_MSGSEND = YES;
				ENABLE_TESTABILITY = YES;
				GCC_C_LANGUAGE_STANDARD = gnu11;
				GCC_DYNAMIC_NO_PIC = NO;
				GCC_NO_COMMON_BLOCKS = YES;
				GCC_OPTIMIZATION_LEVEL = 0;
				GCC_PREPROCESSOR_DEFINITIONS = (
					"DEBUG=1",
					"$(inherited)",
				);
				GCC_WARN_64_TO_32_BIT_CONVERSION = YES;
				GCC_WARN_ABOUT_RETURN_TYPE = YES_ERROR;
				GCC_WARN_UNDECLARED_SELECTOR = YES;
				GCC_WARN_UNINITIALIZED_AUTOS = YES_AGGRESSIVE;
				GCC_WARN_UNUSED_FUNCTION = YES;
				GCC_WARN_UNUSED_VARIABLE = YES;
				IPHONEOS_DEPLOYMENT_TARGET = 13.0;
				MTL_ENABLE_DEBUG_INFO = INCLUDE_SOURCE;
				MTL_FAST_MATH = YES;
				ONLY_ACTIVE_ARCH = YES;
				SDKROOT = iphoneos;
				SWIFT_ACTIVE_COMPILATION_CONDITIONS = DEBUG;
				SWIFT_OPTIMIZATION_LEVEL = "-Onone";
			};
			name = Debug;
		};
		909537DA25615BA6007AF01C /* Release */ = {
			isa = XCBuildConfiguration;
			buildSettings = {
				ALWAYS_SEARCH_USER_PATHS = NO;
				CLANG_ANALYZER_LOCALIZABILITY_NONLOCALIZED = YES;
				CLANG_ANALYZER_NONNULL = YES;
				CLANG_ANALYZER_NUMBER_OBJECT_CONVERSION = YES_AGGRESSIVE;
				CLANG_CXX_LANGUAGE_STANDARD = "gnu++14";
				CLANG_CXX_LIBRARY = "libc++";
				CLANG_ENABLE_MODULES = YES;
				CLANG_ENABLE_OBJC_ARC = YES;
				CLANG_ENABLE_OBJC_WEAK = YES;
				CLANG_WARN_BLOCK_CAPTURE_AUTORELEASING = YES;
				CLANG_WARN_BOOL_CONVERSION = YES;
				CLANG_WARN_COMMA = YES;
				CLANG_WARN_CONSTANT_CONVERSION = YES;
				CLANG_WARN_DEPRECATED_OBJC_IMPLEMENTATIONS = YES;
				CLANG_WARN_DIRECT_OBJC_ISA_USAGE = YES_ERROR;
				CLANG_WARN_DOCUMENTATION_COMMENTS = YES;
				CLANG_WARN_EMPTY_BODY = YES;
				CLANG_WARN_ENUM_CONVERSION = YES;
				CLANG_WARN_INFINITE_RECURSION = YES;
				CLANG_WARN_INT_CONVERSION = YES;
				CLANG_WARN_NON_LITERAL_NULL_CONVERSION = YES;
				CLANG_WARN_OBJC_IMPLICIT_RETAIN_SELF = YES;
				CLANG_WARN_OBJC_LITERAL_CONVERSION = YES;
				CLANG_WARN_OBJC_ROOT_CLASS = YES_ERROR;
				CLANG_WARN_QUOTED_INCLUDE_IN_FRAMEWORK_HEADER = YES;
				CLANG_WARN_RANGE_LOOP_ANALYSIS = YES;
				CLANG_WARN_STRICT_PROTOTYPES = YES;
				CLANG_WARN_SUSPICIOUS_MOVE = YES;
				CLANG_WARN_UNGUARDED_AVAILABILITY = YES_AGGRESSIVE;
				CLANG_WARN_UNREACHABLE_CODE = YES;
				CLANG_WARN__DUPLICATE_METHOD_MATCH = YES;
				COPY_PHASE_STRIP = NO;
				DEBUG_INFORMATION_FORMAT = "dwarf-with-dsym";
				ENABLE_NS_ASSERTIONS = NO;
				ENABLE_STRICT_OBJC_MSGSEND = YES;
				GCC_C_LANGUAGE_STANDARD = gnu11;
				GCC_NO_COMMON_BLOCKS = YES;
				GCC_WARN_64_TO_32_BIT_CONVERSION = YES;
				GCC_WARN_ABOUT_RETURN_TYPE = YES_ERROR;
				GCC_WARN_UNDECLARED_SELECTOR = YES;
				GCC_WARN_UNINITIALIZED_AUTOS = YES_AGGRESSIVE;
				GCC_WARN_UNUSED_FUNCTION = YES;
				GCC_WARN_UNUSED_VARIABLE = YES;
				IPHONEOS_DEPLOYMENT_TARGET = 13.0;
				MTL_ENABLE_DEBUG_INFO = NO;
				MTL_FAST_MATH = YES;
				SDKROOT = iphoneos;
				SWIFT_COMPILATION_MODE = wholemodule;
				SWIFT_OPTIMIZATION_LEVEL = "-O";
				VALIDATE_PRODUCT = YES;
			};
			name = Release;
		};
		909537DC25615BA6007AF01C /* Debug */ = {
			isa = XCBuildConfiguration;
			baseConfigurationReference = 47CFFA7F1473A99B80AB775E /* Pods-InstantMatch.debug.xcconfig */;
			buildSettings = {
				ALWAYS_EMBED_SWIFT_STANDARD_LIBRARIES = YES;
				ASSETCATALOG_COMPILER_APPICON_NAME = AppIcon;
				ASSETCATALOG_COMPILER_GLOBAL_ACCENT_COLOR_NAME = AccentColor;
				CODE_SIGN_ENTITLEMENTS = InstantMatch/InstantMatch.entitlements;
				CODE_SIGN_STYLE = Automatic;
				DEVELOPMENT_ASSET_PATHS = "\"InstantMatch/Preview Content\"";
				DEVELOPMENT_TEAM = 24G3237JT8;
				ENABLE_PREVIEWS = YES;
				INFOPLIST_FILE = InstantMatch/Info.plist;
				IPHONEOS_DEPLOYMENT_TARGET = 13.0;
				LD_RUNPATH_SEARCH_PATHS = (
					"$(inherited)",
					"@executable_path/Frameworks",
				);
				PRODUCT_BUNDLE_IDENTIFIER = com.labters.InstantMatch;
				PRODUCT_NAME = "$(TARGET_NAME)";
				SUPPORTS_MACCATALYST = NO;
				SUPPORTS_MAC_DESIGNED_FOR_IPHONE_IPAD = NO;
				SWIFT_VERSION = 5.0;
				TARGETED_DEVICE_FAMILY = "1,2";
			};
			name = Debug;
		};
		909537DD25615BA6007AF01C /* Release */ = {
			isa = XCBuildConfiguration;
			baseConfigurationReference = 1A826C7266847B58BC73B8F3 /* Pods-InstantMatch.release.xcconfig */;
			buildSettings = {
				ALWAYS_EMBED_SWIFT_STANDARD_LIBRARIES = YES;
				ASSETCATALOG_COMPILER_APPICON_NAME = AppIcon;
				ASSETCATALOG_COMPILER_GLOBAL_ACCENT_COLOR_NAME = AccentColor;
				CODE_SIGN_ENTITLEMENTS = InstantMatch/InstantMatch.entitlements;
				CODE_SIGN_STYLE = Automatic;
				DEVELOPMENT_ASSET_PATHS = "\"InstantMatch/Preview Content\"";
				DEVELOPMENT_TEAM = 24G3237JT8;
				ENABLE_PREVIEWS = YES;
				INFOPLIST_FILE = InstantMatch/Info.plist;
				IPHONEOS_DEPLOYMENT_TARGET = 13.0;
				LD_RUNPATH_SEARCH_PATHS = (
					"$(inherited)",
					"@executable_path/Frameworks",
				);
				PRODUCT_BUNDLE_IDENTIFIER = com.labters.InstantMatch;
				PRODUCT_NAME = "$(TARGET_NAME)";
				SUPPORTS_MACCATALYST = NO;
				SUPPORTS_MAC_DESIGNED_FOR_IPHONE_IPAD = NO;
				SWIFT_VERSION = 5.0;
				TARGETED_DEVICE_FAMILY = "1,2";
			};
			name = Release;
		};
/* End XCBuildConfiguration section */

/* Begin XCConfigurationList section */
		900AE83F25AA4353006D1438 /* Build configuration list for PBXNativeTarget "Notifications" */ = {
			isa = XCConfigurationList;
			buildConfigurations = (
				900AE83D25AA4353006D1438 /* Debug */,
				900AE83E25AA4353006D1438 /* Release */,
			);
			defaultConfigurationIsVisible = 0;
			defaultConfigurationName = Release;
		};
		909537C225615BA4007AF01C /* Build configuration list for PBXProject "InstantMatch" */ = {
			isa = XCConfigurationList;
			buildConfigurations = (
				909537D925615BA6007AF01C /* Debug */,
				909537DA25615BA6007AF01C /* Release */,
			);
			defaultConfigurationIsVisible = 0;
			defaultConfigurationName = Release;
		};
		909537DB25615BA6007AF01C /* Build configuration list for PBXNativeTarget "InstantMatch" */ = {
			isa = XCConfigurationList;
			buildConfigurations = (
				909537DC25615BA6007AF01C /* Debug */,
				909537DD25615BA6007AF01C /* Release */,
			);
			defaultConfigurationIsVisible = 0;
			defaultConfigurationName = Release;
		};
/* End XCConfigurationList section */
	};
	rootObject = 909537BF25615BA4007AF01C /* Project object */;
}
